
Microsoft Visual Studio Solution File, Format Version 12.00
# Visual Studio Version 17
VisualStudioVersion = 17.13.35806.99 d17.13
MinimumVisualStudioVersion = 10.0.40219.1
Project("{FAE04EC0-301F-11D3-BF4B-00C04F79EFBC}") = "WindowsFormsApp3", "WindowsFormsApp3.csproj", "{409AD6C7-47DF-4DDD-99EE-6A5343F7A934}"
EndProject
Global
	GlobalSection(SolutionConfigurationPlatforms) = preSolution
		Debug|Any CPU = Debug|Any CPU
		Release|Any CPU = Release|Any CPU
	EndGlobalSection
	GlobalSection(ProjectConfigurationPlatforms) = postSolution
		{409AD6C7-47DF-4DDD-99EE-6A5343F7A934}.Debug|Any CPU.ActiveCfg = Debug|Any CPU
		{409AD6C7-47DF-4DDD-99EE-6A5343F7A934}.Debug|Any CPU.Build.0 = Debug|Any CPU
		{409AD6C7-47DF-4DDD-99EE-6A5343F7A934}.Release|Any CPU.ActiveCfg = Release|Any CPU
		{409AD6C7-47DF-4DDD-99EE-6A5343F7A934}.Release|Any CPU.Build.0 = Release|Any CPU
	EndGlobalSection
	GlobalSection(SolutionProperties) = preSolution
		HideSolutionNode = FALSE
	EndGlobalSection
	GlobalSection(ExtensibilityGlobals) = postSolution
		SolutionGuid = {D43347BE-F99E-41CC-904F-C759594DB0D5}
	EndGlobalSection
EndGlobal
