
Microsoft Visual Studio Solution File, Format Version 12.00
# Visual Studio Version 17
VisualStudioVersion = 17.13.35806.99 d17.13
MinimumVisualStudioVersion = 10.0.40219.1
Project("{FAE04EC0-301F-11D3-BF4B-00C04F79EFBC}") = "WindowsFormsAppcurs", "WindowsFormsAppcurs.csproj", "{A51E62FF-56EB-4D07-BED3-DB94515D567A}"
EndProject
Global
	GlobalSection(SolutionConfigurationPlatforms) = preSolution
		Debug|Any CPU = Debug|Any CPU
		Release|Any CPU = Release|Any CPU
	EndGlobalSection
	GlobalSection(ProjectConfigurationPlatforms) = postSolution
		{A51E62FF-56EB-4D07-BED3-DB94515D567A}.Debug|Any CPU.ActiveCfg = Debug|Any CPU
		{A51E62FF-56EB-4D07-BED3-DB94515D567A}.Debug|Any CPU.Build.0 = Debug|Any CPU
		{A51E62FF-56EB-4D07-BED3-DB94515D567A}.Release|Any CPU.ActiveCfg = Release|Any CPU
		{A51E62FF-56EB-4D07-BED3-DB94515D567A}.Release|Any CPU.Build.0 = Release|Any CPU
	EndGlobalSection
	GlobalSection(SolutionProperties) = preSolution
		HideSolutionNode = FALSE
	EndGlobalSection
	GlobalSection(ExtensibilityGlobals) = postSolution
		SolutionGuid = {0B1101FF-8752-4907-B9CC-3D50F0E4BF72}
	EndGlobalSection
EndGlobal
