
Microsoft Visual Studio Solution File, Format Version 12.00
# Visual Studio Version 17
VisualStudioVersion = 17.13.35806.99 d17.13
MinimumVisualStudioVersion = 10.0.40219.1
Project("{FAE04EC0-301F-11D3-BF4B-00C04F79EFBC}") = "WindowsFormsApp5", "WindowsFormsApp5.csproj", "{EC8227B5-A4F9-4938-A977-2B44F523BF07}"
EndProject
Global
	GlobalSection(SolutionConfigurationPlatforms) = preSolution
		Debug|Any CPU = Debug|Any CPU
		Release|Any CPU = Release|Any CPU
	EndGlobalSection
	GlobalSection(ProjectConfigurationPlatforms) = postSolution
		{EC8227B5-A4F9-4938-A977-2B44F523BF07}.Debug|Any CPU.ActiveCfg = Debug|Any CPU
		{EC8227B5-A4F9-4938-A977-2B44F523BF07}.Debug|Any CPU.Build.0 = Debug|Any CPU
		{EC8227B5-A4F9-4938-A977-2B44F523BF07}.Release|Any CPU.ActiveCfg = Release|Any CPU
		{EC8227B5-A4F9-4938-A977-2B44F523BF07}.Release|Any CPU.Build.0 = Release|Any CPU
	EndGlobalSection
	GlobalSection(SolutionProperties) = preSolution
		HideSolutionNode = FALSE
	EndGlobalSection
	GlobalSection(ExtensibilityGlobals) = postSolution
		SolutionGuid = {6082CF8C-9D32-41F9-9861-C6BB23F85BA0}
	EndGlobalSection
EndGlobal
